github.com/gotpop/gotscss v0.0.0-20210516191340-1fe603369a15 h1:XFlLqRa14QeVKQn3PjESC+fFxZ1h+7aFB6AnZBTAKVk=
github.com/gotpop/gotscss v0.0.0-20210516191340-1fe603369a15/go.mod h1:dp539SAbhdfd5cKPVKgeGTOFN15Xn6DzkmrAr1+JNog=
github.com/gotpop/gotscss v0.0.0-20210516231850-0acaf8043c06 h1:OCZYZP7RsJ2SoabVGETWbFaQIY24ZvcxIEPCigyUy0o=
github.com/gotpop/gotscss v0.0.0-20210516231850-0acaf8043c06/go.mod h1:dp539SAbhdfd5cKPVKgeGTOFN15Xn6DzkmrAr1+JNog=
